// !$*UTF8*$!
{
	archiveVersion = 1;
	classes = {
	};
	objectVersion = 77;
	objects = {

/* Begin PBXBuildFile section */
		24AAE5F97B18DFCB795D286F /* HeadroomCore in Frameworks */ = {isa = PBXBuildFile; productRef = 99E0247ACE7E6682A4962F92 /* HeadroomCore */; };
/* End PBXBuildFile section */

/* Begin PBXContainerItemProxy section */
		BD831A8E4161675916EE454B /* PBXContainerItemProxy */ = {
			isa = PBXContainerItemProxy;
			containerPortal = F5F2DC8D92D80C6725E159CD /* Project object */;
			proxyType = 1;
			remoteGlobalIDString = 4686BFD5F1855F6871F8CA0A;
			remoteInfo = Headroom;
		};
		F20C202AE5DE686A02B7FBD4 /* PBXContainerItemProxy */ = {
			isa = PBXContainerItemProxy;
			containerPortal = F5F2DC8D92D80C6725E159CD /* Project object */;
			proxyType = 1;
			remoteGlobalIDString = 4686BFD5F1855F6871F8CA0A;
			remoteInfo = Headroom;
		};
/* End PBXContainerItemProxy section */

/* Begin PBXFileReference section */
		1E80C3142251E59C561CCCBC /* Headroom.app */ = {isa = PBXFileReference; includeInIndex = 0; lastKnownFileType = wrapper.application; path = Headroom.app; sourceTree = BUILT_PRODUCTS_DIR; };
		2E17D9A269CC652B554EF4E1 /* HeadroomTests.xctest */ = {isa = PBXFileReference; includeInIndex = 0; lastKnownFileType = wrapper.cfbundle; path = HeadroomTests.xctest; sourceTree = BUILT_PRODUCTS_DIR; };
		3A6A32C536A66A638404C701 /* HeadroomCore */ = {isa = PBXFileReference; lastKnownFileType = folder; name = HeadroomCore; path = Packages/HeadroomCore; sourceTree = SOURCE_ROOT; };
		AF9CFEC537957EC32A21690B /* HeadroomUITests.xctest */ = {isa = PBXFileReference; includeInIndex = 0; lastKnownFileType = wrapper.cfbundle; path = HeadroomUITests.xctest; sourceTree = BUILT_PRODUCTS_DIR; };
/* End PBXFileReference section */

/* Begin PBXFileSystemSynchronizedRootGroup section */
		28D8E65C161E07CA6DC74F5D /* AppUITests */ = {
			isa = PBXFileSystemSynchronizedRootGroup;
			explicitFileTypes = {
			};
			explicitFolders = (
			);
			path = AppUITests;
			sourceTree = "<group>";
		};
		78E1D8527D720ECAA4ED095A /* AppTests */ = {
			isa = PBXFileSystemSynchronizedRootGroup;
			explicitFileTypes = {
			};
			explicitFolders = (
			);
			path = AppTests;
			sourceTree = "<group>";
		};
		7DF004BF8F704D24FCB6C081 /* App */ = {
			isa = PBXFileSystemSynchronizedRootGroup;
			explicitFileTypes = {
			};
			explicitFolders = (
			);
			path = App;
			sourceTree = "<group>";
		};
/* End PBXFileSystemSynchronizedRootGroup section */

/* Begin PBXFrameworksBuildPhase section */
		0598300E07FB9068601F7EA2 /* Frameworks */ = {
			isa = PBXFrameworksBuildPhase;
			buildActionMask = 2147483647;
			files = (
				24AAE5F97B18DFCB795D286F /* HeadroomCore in Frameworks */,
			);
			runOnlyForDeploymentPostprocessing = 0;
		};
/* End PBXFrameworksBuildPhase section */

/* Begin PBXGroup section */
		13629C64DC71E34FB562AF3F /* Products */ = {
			isa = PBXGroup;
			children = (
				1E80C3142251E59C561CCCBC /* Headroom.app */,
				2E17D9A269CC652B554EF4E1 /* HeadroomTests.xctest */,
				AF9CFEC537957EC32A21690B /* HeadroomUITests.xctest */,
			);
			name = Products;
			sourceTree = "<group>";
		};
		1E2AC0590D8E0EEBB3FA5F0E /* Packages */ = {
			isa = PBXGroup;
			children = (
				3A6A32C536A66A638404C701 /* HeadroomCore */,
			);
			path = Packages;
			sourceTree = "<group>";
		};
		62D65A057EA50D3E86A7F9F4 = {
			isa = PBXGroup;
			children = (
				7DF004BF8F704D24FCB6C081 /* App */,
				78E1D8527D720ECAA4ED095A /* AppTests */,
				28D8E65C161E07CA6DC74F5D /* AppUITests */,
				1E2AC0590D8E0EEBB3FA5F0E /* Packages */,
				13629C64DC71E34FB562AF3F /* Products */,
			);
			sourceTree = "<group>";
		};
/* End PBXGroup section */

/* Begin PBXNativeTarget section */
		4686BFD5F1855F6871F8CA0A /* Headroom */ = {
			isa = PBXNativeTarget;
			buildConfigurationList = 3E29D1F7476724620C0F38FD /* Build configuration list for PBXNativeTarget "Headroom" */;
			buildPhases = (
				E34AB7BC39BA4447F5B8BCDF /* Sources */,
				F5B60506CE511B37E1A6269B /* Resources */,
				0598300E07FB9068601F7EA2 /* Frameworks */,
			);
			buildRules = (
			);
			dependencies = (
			);
			fileSystemSynchronizedGroups = (
				7DF004BF8F704D24FCB6C081 /* App */,
			);
			name = Headroom;
			packageProductDependencies = (
				99E0247ACE7E6682A4962F92 /* HeadroomCore */,
			);
			productName = Headroom;
			productReference = 1E80C3142251E59C561CCCBC /* Headroom.app */;
			productType = "com.apple.product-type.application";
		};
		B702CB90BB16100ECCD2B010 /* HeadroomUITests */ = {
			isa = PBXNativeTarget;
			buildConfigurationList = 6CE10B79730339EC16325786 /* Build configuration list for PBXNativeTarget "HeadroomUITests" */;
			buildPhases = (
				B652508659D174B62086E464 /* Sources */,
				9F4D10C4FEAE6FFC661A626A /* Resources */,
			);
			buildRules = (
			);
			dependencies = (
				7D9E5917402A01987F535AF5 /* PBXTargetDependency */,
			);
			fileSystemSynchronizedGroups = (
				28D8E65C161E07CA6DC74F5D /* AppUITests */,
			);
			name = HeadroomUITests;
			packageProductDependencies = (
			);
			productName = HeadroomUITests;
			productReference = AF9CFEC537957EC32A21690B /* HeadroomUITests.xctest */;
			productType = "com.apple.product-type.bundle.ui-testing";
		};
		BAF4797E6B583EB5B40D4C58 /* HeadroomTests */ = {
			isa = PBXNativeTarget;
			buildConfigurationList = 8A117AFE4596EAC3EEB4E1F2 /* Build configuration list for PBXNativeTarget "HeadroomTests" */;
			buildPhases = (
				1BD9477C47E5284BDF263EBF /* Sources */,
				A00437B5C2D29F9B1271344A /* Resources */,
			);
			buildRules = (
			);
			dependencies = (
				433461B732438352B19C678A /* PBXTargetDependency */,
			);
			fileSystemSynchronizedGroups = (
				78E1D8527D720ECAA4ED095A /* AppTests */,
			);
			name = HeadroomTests;
			packageProductDependencies = (
			);
			productName = HeadroomTests;
			productReference = 2E17D9A269CC652B554EF4E1 /* HeadroomTests.xctest */;
			productType = "com.apple.product-type.bundle.unit-test";
		};
/* End PBXNativeTarget section */

/* Begin PBXProject section */
		F5F2DC8D92D80C6725E159CD /* Project object */ = {
			isa = PBXProject;
			attributes = {
				BuildIndependentTargetsInParallel = YES;
				LastUpgradeCheck = 1430;
				TargetAttributes = {
					4686BFD5F1855F6871F8CA0A = {
						ProvisioningStyle = Automatic;
					};
					B702CB90BB16100ECCD2B010 = {
						TestTargetID = 4686BFD5F1855F6871F8CA0A;
					};
				};
			};
			buildConfigurationList = 8911E810F17D902BDE660A7F /* Build configuration list for PBXProject "Headroom" */;
			developmentRegion = en;
			hasScannedForEncodings = 0;
			knownRegions = (
				Base,
				en,
			);
			mainGroup = 62D65A057EA50D3E86A7F9F4;
			minimizedProjectReferenceProxies = 1;
			packageReferences = (
				C14A6C2B6D864A50297D76A5 /* XCLocalSwiftPackageReference "Packages/HeadroomCore" */,
			);
			preferredProjectObjectVersion = 77;
			productRefGroup = 13629C64DC71E34FB562AF3F /* Products */;
			projectDirPath = "";
			projectRoot = "";
			targets = (
				4686BFD5F1855F6871F8CA0A /* Headroom */,
				BAF4797E6B583EB5B40D4C58 /* HeadroomTests */,
				B702CB90BB16100ECCD2B010 /* HeadroomUITests */,
			);
		};
/* End PBXProject section */

/* Begin PBXResourcesBuildPhase section */
		9F4D10C4FEAE6FFC661A626A /* Resources */ = {
			isa = PBXResourcesBuildPhase;
			buildActionMask = 2147483647;
			files = (
			);
			runOnlyForDeploymentPostprocessing = 0;
		};
		A00437B5C2D29F9B1271344A /* Resources */ = {
			isa = PBXResourcesBuildPhase;
			buildActionMask = 2147483647;
			files = (
			);
			runOnlyForDeploymentPostprocessing = 0;
		};
		F5B60506CE511B37E1A6269B /* Resources */ = {
			isa = PBXResourcesBuildPhase;
			buildActionMask = 2147483647;
			files = (
			);
			runOnlyForDeploymentPostprocessing = 0;
		};
/* End PBXResourcesBuildPhase section */

/* Begin PBXSourcesBuildPhase section */
		1BD9477C47E5284BDF263EBF /* Sources */ = {
			isa = PBXSourcesBuildPhase;
			buildActionMask = 2147483647;
			files = (
			);
			runOnlyForDeploymentPostprocessing = 0;
		};
		B652508659D174B62086E464 /* Sources */ = {
			isa = PBXSourcesBuildPhase;
			buildActionMask = 2147483647;
			files = (
			);
			runOnlyForDeploymentPostprocessing = 0;
		};
		E34AB7BC39BA4447F5B8BCDF /* Sources */ = {
			isa = PBXSourcesBuildPhase;
			buildActionMask = 2147483647;
			files = (
			);
			runOnlyForDeploymentPostprocessing = 0;
		};
/* End PBXSourcesBuildPhase section */

/* Begin PBXTargetDependency section */
		433461B732438352B19C678A /* PBXTargetDependency */ = {
			isa = PBXTargetDependency;
			target = 4686BFD5F1855F6871F8CA0A /* Headroom */;
			targetProxy = BD831A8E4161675916EE454B /* PBXContainerItemProxy */;
		};
		7D9E5917402A01987F535AF5 /* PBXTargetDependency */ = {
			isa = PBXTargetDependency;
			target = 4686BFD5F1855F6871F8CA0A /* Headroom */;
			targetProxy = F20C202AE5DE686A02B7FBD4 /* PBXContainerItemProxy */;
		};
/* End PBXTargetDependency section */

/* Begin XCBuildConfiguration section */
		2B6E86D60A526B341BEE0A4E /* Release */ = {
			isa = XCBuildConfiguration;
			buildSettings = {
				BUNDLE_LOADER = "$(TEST_HOST)";
				GENERATE_INFOPLIST_FILE = YES;
				LD_RUNPATH_SEARCH_PATHS = (
					"$(inherited)",
					"@executable_path/Frameworks",
					"@loader_path/Frameworks",
				);
				PRODUCT_BUNDLE_IDENTIFIER = "io.github.saihitesh-14.headroom.uitests";
				SDKROOT = iphoneos;
				TARGETED_DEVICE_FAMILY = "1,2";
				TEST_TARGET_NAME = Headroom;
			};
			name = Release;
		};
		40FADF6564E1C40D93347F44 /* Release */ = {
			isa = XCBuildConfiguration;
			buildSettings = {
				BUNDLE_LOADER = "$(TEST_HOST)";
				GENERATE_INFOPLIST_FILE = YES;
				LD_RUNPATH_SEARCH_PATHS = (
					"$(inherited)",
					"@executable_path/Frameworks",
					"@loader_path/Frameworks",
				);
				PRODUCT_BUNDLE_IDENTIFIER = "io.github.saihitesh-14.headroom.tests";
				SDKROOT = iphoneos;
				TARGETED_DEVICE_FAMILY = "1,2";
				TEST_HOST = "$(BUILT_PRODUCTS_DIR)/Headroom.app/Headroom";
			};
			name = Release;
		};
		574DEEAA03EDB3B78AFC97D7 /* Debug */ = {
			isa = XCBuildConfiguration;
			buildSettings = {
				ASSETCATALOG_COMPILER_APPICON_NAME = AppIcon;
				ASSETCATALOG_COMPILER_GENERATE_ASSET_SYMBOLS = YES;
				ASSETCATALOG_COMPILER_GENERATE_SWIFT_ASSET_SYMBOL_EXTENSIONS = YES;
				ASSETCATALOG_COMPILER_GLOBAL_ACCENT_COLOR_NAME = AccentColor;
				CODE_SIGN_IDENTITY = "iPhone Developer";
				CODE_SIGN_STYLE = Automatic;
				GENERATE_INFOPLIST_FILE = YES;
				INFOPLIST_KEY_CFBundleDisplayName = Headroom;
				INFOPLIST_KEY_NSFaceIDUsageDescription = "Headroom uses Face ID to keep your plan private.";
				INFOPLIST_KEY_UIApplicationSceneManifest_Generation = YES;
				INFOPLIST_KEY_UILaunchScreen_Generation = YES;
				INFOPLIST_KEY_UISupportedInterfaceOrientations = UIInterfaceOrientationPortrait;
				LD_RUNPATH_SEARCH_PATHS = (
					"$(inherited)",
					"@executable_path/Frameworks",
				);
				PRODUCT_BUNDLE_IDENTIFIER = "io.github.saihitesh-14.headroom";
				SDKROOT = iphoneos;
				TARGETED_DEVICE_FAMILY = 1;
			};
			name = Debug;
		};
		6F8182B0FA7E1163F14CC5E4 /* Release */ = {
			isa = XCBuildConfiguration;
			buildSettings = {
				ALWAYS_SEARCH_USER_PATHS = NO;
				CLANG_ANALYZER_NONNULL = YES;
				CLANG_ANALYZER_NUMBER_OBJECT_CONVERSION = YES_AGGRESSIVE;
				CLANG_CXX_LANGUAGE_STANDARD = "gnu++14";
				CLANG_CXX_LIBRARY = "libc++";
				CLANG_ENABLE_MODULES = YES;
				CLANG_ENABLE_OBJC_ARC = YES;
				CLANG_ENABLE_OBJC_WEAK = YES;
				CLANG_WARN_BLOCK_CAPTURE_AUTORELEASING = YES;
				CLANG_WARN_BOOL_CONVERSION = YES;
				CLANG_WARN_COMMA = YES;
				CLANG_WARN_CONSTANT_CONVERSION = YES;
				CLANG_WARN_DEPRECATED_OBJC_IMPLEMENTATIONS = YES;
				CLANG_WARN_DIRECT_OBJC_ISA_USAGE = YES_ERROR;
				CLANG_WARN_DOCUMENTATION_COMMENTS = YES;
				CLANG_WARN_EMPTY_BODY = YES;
				CLANG_WARN_ENUM_CONVERSION = YES;
				CLANG_WARN_INFINITE_RECURSION = YES;
				CLANG_WARN_INT_CONVERSION = YES;
				CLANG_WARN_NON_LITERAL_NULL_CONVERSION = YES;
				CLANG_WARN_OBJC_IMPLICIT_RETAIN_SELF = YES;
				CLANG_WARN_OBJC_LITERAL_CONVERSION = YES;
				CLANG_WARN_OBJC_ROOT_CLASS = YES_ERROR;
				CLANG_WARN_QUOTED_INCLUDE_IN_FRAMEWORK_HEADER = YES;
				CLANG_WARN_RANGE_LOOP_ANALYSIS = YES;
				CLANG_WARN_STRICT_PROTOTYPES = YES;
				CLANG_WARN_SUSPICIOUS_MOVE = YES;
				CLANG_WARN_UNGUARDED_AVAILABILITY = YES_AGGRESSIVE;
				CLANG_WARN_UNREACHABLE_CODE = YES;
				CLANG_WARN__DUPLICATE_METHOD_MATCH = YES;
				COPY_PHASE_STRIP = NO;
				CURRENT_PROJECT_VERSION = 1;
				DEBUG_INFORMATION_FORMAT = "dwarf-with-dsym";
				ENABLE_NS_ASSERTIONS = NO;
				ENABLE_STRICT_OBJC_MSGSEND = YES;
				ENABLE_USER_SCRIPT_SANDBOXING = YES;
				GCC_C_LANGUAGE_STANDARD = gnu11;
				GCC_NO_COMMON_BLOCKS = YES;
				GCC_WARN_64_TO_32_BIT_CONVERSION = YES;
				GCC_WARN_ABOUT_RETURN_TYPE = YES_ERROR;
				GCC_WARN_UNDECLARED_SELECTOR = YES;
				GCC_WARN_UNINITIALIZED_AUTOS = YES_AGGRESSIVE;
				GCC_WARN_UNUSED_FUNCTION = YES;
				GCC_WARN_UNUSED_VARIABLE = YES;
				IPHONEOS_DEPLOYMENT_TARGET = 26.0;
				MARKETING_VERSION = 0.1.0;
				MTL_ENABLE_DEBUG_INFO = NO;
				MTL_FAST_MATH = YES;
				PRODUCT_NAME = "$(TARGET_NAME)";
				SDKROOT = iphoneos;
				SWIFT_COMPILATION_MODE = wholemodule;
				SWIFT_OPTIMIZATION_LEVEL = "-O";
				SWIFT_VERSION = 6.0;
			};
			name = Release;
		};
		701DB6FC9B95C9FCADE9A78C /* Release */ = {
			isa = XCBuildConfiguration;
			buildSettings = {
				ASSETCATALOG_COMPILER_APPICON_NAME = AppIcon;
				ASSETCATALOG_COMPILER_GENERATE_ASSET_SYMBOLS = YES;
				ASSETCATALOG_COMPILER_GENERATE_SWIFT_ASSET_SYMBOL_EXTENSIONS = YES;
				ASSETCATALOG_COMPILER_GLOBAL_ACCENT_COLOR_NAME = AccentColor;
				CODE_SIGN_IDENTITY = "iPhone Developer";
				CODE_SIGN_STYLE = Automatic;
				GENERATE_INFOPLIST_FILE = YES;
				INFOPLIST_KEY_CFBundleDisplayName = Headroom;
				INFOPLIST_KEY_NSFaceIDUsageDescription = "Headroom uses Face ID to keep your plan private.";
				INFOPLIST_KEY_UIApplicationSceneManifest_Generation = YES;
				INFOPLIST_KEY_UILaunchScreen_Generation = YES;
				INFOPLIST_KEY_UISupportedInterfaceOrientations = UIInterfaceOrientationPortrait;
				LD_RUNPATH_SEARCH_PATHS = (
					"$(inherited)",
					"@executable_path/Frameworks",
				);
				PRODUCT_BUNDLE_IDENTIFIER = "io.github.saihitesh-14.headroom";
				SDKROOT = iphoneos;
				TARGETED_DEVICE_FAMILY = 1;
			};
			name = Release;
		};
		C67A61C4264023A03B96474D /* Debug */ = {
			isa = XCBuildConfiguration;
			buildSettings = {
				ALWAYS_SEARCH_USER_PATHS = NO;
				CLANG_ANALYZER_NONNULL = YES;
				CLANG_ANALYZER_NUMBER_OBJECT_CONVERSION = YES_AGGRESSIVE;
				CLANG_CXX_LANGUAGE_STANDARD = "gnu++14";
				CLANG_CXX_LIBRARY = "libc++";
				CLANG_ENABLE_MODULES = YES;
				CLANG_ENABLE_OBJC_ARC = YES;
				CLANG_ENABLE_OBJC_WEAK = YES;
				CLANG_WARN_BLOCK_CAPTURE_AUTORELEASING = YES;
				CLANG_WARN_BOOL_CONVERSION = YES;
				CLANG_WARN_COMMA = YES;
				CLANG_WARN_CONSTANT_CONVERSION = YES;
				CLANG_WARN_DEPRECATED_OBJC_IMPLEMENTATIONS = YES;
				CLANG_WARN_DIRECT_OBJC_ISA_USAGE = YES_ERROR;
				CLANG_WARN_DOCUMENTATION_COMMENTS = YES;
				CLANG_WARN_EMPTY_BODY = YES;
				CLANG_WARN_ENUM_CONVERSION = YES;
				CLANG_WARN_INFINITE_RECURSION = YES;
				CLANG_WARN_INT_CONVERSION = YES;
				CLANG_WARN_NON_LITERAL_NULL_CONVERSION = YES;
				CLANG_WARN_OBJC_IMPLICIT_RETAIN_SELF = YES;
				CLANG_WARN_OBJC_LITERAL_CONVERSION = YES;
				CLANG_WARN_OBJC_ROOT_CLASS = YES_ERROR;
				CLANG_WARN_QUOTED_INCLUDE_IN_FRAMEWORK_HEADER = YES;
				CLANG_WARN_RANGE_LOOP_ANALYSIS = YES;
				CLANG_WARN_STRICT_PROTOTYPES = YES;
				CLANG_WARN_SUSPICIOUS_MOVE = YES;
				CLANG_WARN_UNGUARDED_AVAILABILITY = YES_AGGRESSIVE;
				CLANG_WARN_UNREACHABLE_CODE = YES;
				CLANG_WARN__DUPLICATE_METHOD_MATCH = YES;
				COPY_PHASE_STRIP = NO;
				CURRENT_PROJECT_VERSION = 1;
				DEBUG_INFORMATION_FORMAT = dwarf;
				ENABLE_STRICT_OBJC_MSGSEND = YES;
				ENABLE_TESTABILITY = YES;
				ENABLE_USER_SCRIPT_SANDBOXING = YES;
				GCC_C_LANGUAGE_STANDARD = gnu11;
				GCC_DYNAMIC_NO_PIC = NO;
				GCC_NO_COMMON_BLOCKS = YES;
				GCC_OPTIMIZATION_LEVEL = 0;
				GCC_PREPROCESSOR_DEFINITIONS = (
					"$(inherited)",
					"DEBUG=1",
				);
				GCC_WARN_64_TO_32_BIT_CONVERSION = YES;
				GCC_WARN_ABOUT_RETURN_TYPE = YES_ERROR;
				GCC_WARN_UNDECLARED_SELECTOR = YES;
				GCC_WARN_UNINITIALIZED_AUTOS = YES_AGGRESSIVE;
				GCC_WARN_UNUSED_FUNCTION = YES;
				GCC_WARN_UNUSED_VARIABLE = YES;
				IPHONEOS_DEPLOYMENT_TARGET = 26.0;
				MARKETING_VERSION = 0.1.0;
				MTL_ENABLE_DEBUG_INFO = INCLUDE_SOURCE;
				MTL_FAST_MATH = YES;
				ONLY_ACTIVE_ARCH = YES;
				PRODUCT_NAME = "$(TARGET_NAME)";
				SDKROOT = iphoneos;
				SWIFT_ACTIVE_COMPILATION_CONDITIONS = DEBUG;
				SWIFT_OPTIMIZATION_LEVEL = "-Onone";
				SWIFT_VERSION = 6.0;
			};
			name = Debug;
		};
		C8968A2DC529C5A6632AF34F /* Debug */ = {
			isa = XCBuildConfiguration;
			buildSettings = {
				BUNDLE_LOADER = "$(TEST_HOST)";
				GENERATE_INFOPLIST_FILE = YES;
				LD_RUNPATH_SEARCH_PATHS = (
					"$(inherited)",
					"@executable_path/Frameworks",
					"@loader_path/Frameworks",
				);
				PRODUCT_BUNDLE_IDENTIFIER = "io.github.saihitesh-14.headroom.tests";
				SDKROOT = iphoneos;
				TARGETED_DEVICE_FAMILY = "1,2";
				TEST_HOST = "$(BUILT_PRODUCTS_DIR)/Headroom.app/Headroom";
			};
			name = Debug;
		};
		E78DDA1C5883BBBA98E5EDC0 /* Debug */ = {
			isa = XCBuildConfiguration;
			buildSettings = {
				BUNDLE_LOADER = "$(TEST_HOST)";
				GENERATE_INFOPLIST_FILE = YES;
				LD_RUNPATH_SEARCH_PATHS = (
					"$(inherited)",
					"@executable_path/Frameworks",
					"@loader_path/Frameworks",
				);
				PRODUCT_BUNDLE_IDENTIFIER = "io.github.saihitesh-14.headroom.uitests";
				SDKROOT = iphoneos;
				TARGETED_DEVICE_FAMILY = "1,2";
				TEST_TARGET_NAME = Headroom;
			};
			name = Debug;
		};
/* End XCBuildConfiguration section */

/* Begin XCConfigurationList section */
		3E29D1F7476724620C0F38FD /* Build configuration list for PBXNativeTarget "Headroom" */ = {
			isa = XCConfigurationList;
			buildConfigurations = (
				574DEEAA03EDB3B78AFC97D7 /* Debug */,
				701DB6FC9B95C9FCADE9A78C /* Release */,
			);
			defaultConfigurationIsVisible = 0;
			defaultConfigurationName = Debug;
		};
		6CE10B79730339EC16325786 /* Build configuration list for PBXNativeTarget "HeadroomUITests" */ = {
			isa = XCConfigurationList;
			buildConfigurations = (
				E78DDA1C5883BBBA98E5EDC0 /* Debug */,
				2B6E86D60A526B341BEE0A4E /* Release */,
			);
			defaultConfigurationIsVisible = 0;
			defaultConfigurationName = Debug;
		};
		8911E810F17D902BDE660A7F /* Build configuration list for PBXProject "Headroom" */ = {
			isa = XCConfigurationList;
			buildConfigurations = (
				C67A61C4264023A03B96474D /* Debug */,
				6F8182B0FA7E1163F14CC5E4 /* Release */,
			);
			defaultConfigurationIsVisible = 0;
			defaultConfigurationName = Debug;
		};
		8A117AFE4596EAC3EEB4E1F2 /* Build configuration list for PBXNativeTarget "HeadroomTests" */ = {
			isa = XCConfigurationList;
			buildConfigurations = (
				C8968A2DC529C5A6632AF34F /* Debug */,
				40FADF6564E1C40D93347F44 /* Release */,
			);
			defaultConfigurationIsVisible = 0;
			defaultConfigurationName = Debug;
		};
/* End XCConfigurationList section */

/* Begin XCLocalSwiftPackageReference section */
		C14A6C2B6D864A50297D76A5 /* XCLocalSwiftPackageReference "Packages/HeadroomCore" */ = {
			isa = XCLocalSwiftPackageReference;
			relativePath = Packages/HeadroomCore;
		};
/* End XCLocalSwiftPackageReference section */

/* Begin XCSwiftPackageProductDependency section */
		99E0247ACE7E6682A4962F92 /* HeadroomCore */ = {
			isa = XCSwiftPackageProductDependency;
			productName = HeadroomCore;
		};
/* End XCSwiftPackageProductDependency section */
	};
	rootObject = F5F2DC8D92D80C6725E159CD /* Project object */;
}
